
Microsoft Visual Studio Solution File, Format Version 12.00
# Visual Studio Version 16
VisualStudioVersion = 16.0.29503.13
MinimumVisualStudioVersion = 10.0.40219.1
Project("{2150E333-8FDC-42A3-9474-1A3956D46DE8}") = "_Docs", "_Docs", "{CAE0F06F-592A-4714-8494-6EA5D870F4F6}"
	ProjectSection(SolutionItems) = preProject
		docs\impl.md = docs\impl.md
		docs\todo.md = docs\todo.md
	EndProjectSection
EndProject
Project("{2150E333-8FDC-42A3-9474-1A3956D46DE8}") = "_ExtraDict", "_ExtraDict", "{2111E414-9025-4BC6-94C3-0939D8E6DECF}"
	ProjectSection(SolutionItems) = preProject
		ExtraDicts\dict.txt.big = ExtraDicts\dict.txt.big
		ExtraDicts\dict.txt.small = ExtraDicts\dict.txt.small
		ExtraDicts\idf.txt.big = ExtraDicts\idf.txt.big
		ExtraDicts\stopwords_en_nltk.txt = ExtraDicts\stopwords_en_nltk.txt
		ExtraDicts\stopwords_zh_hit.txt = ExtraDicts\stopwords_zh_hit.txt
		ExtraDicts\user_dict.txt = ExtraDicts\user_dict.txt
	EndProjectSection
EndProject
Project("{9A19103F-16F7-4668-BE54-9A1E7A4F7556}") = "Analyser", "src\Analyser\Analyser.csproj", "{0BA4640B-DC67-4DB3-9FEA-76149243EB49}"
EndProject
Project("{FAE04EC0-301F-11D3-BF4B-00C04F79EFBC}") = "Segmenter", "src\Segmenter\Segmenter.csproj", "{8800B274-EFEF-4CFE-A2F7-BEF2CB920D1A}"
EndProject
Project("{FAE04EC0-301F-11D3-BF4B-00C04F79EFBC}") = "Segmenter.Tests", "test\Segmenter.Tests\Segmenter.Tests.csproj", "{BAA8EDF5-1436-4343-9883-12B286C664C1}"
EndProject
Project("{FAE04EC0-301F-11D3-BF4B-00C04F79EFBC}") = "Segmenter.Cli", "src\Segmenter.Cli\Segmenter.Cli.csproj", "{A06AF12B-4542-4FE6-B96E-3D91848B03EB}"
EndProject
Global
	GlobalSection(SolutionConfigurationPlatforms) = preSolution
		Debug|Any CPU = Debug|Any CPU
		Release|Any CPU = Release|Any CPU
	EndGlobalSection
	GlobalSection(ProjectConfigurationPlatforms) = postSolution
		{0BA4640B-DC67-4DB3-9FEA-76149243EB49}.Debug|Any CPU.ActiveCfg = Debug|Any CPU
		{0BA4640B-DC67-4DB3-9FEA-76149243EB49}.Debug|Any CPU.Build.0 = Debug|Any CPU
		{0BA4640B-DC67-4DB3-9FEA-76149243EB49}.Release|Any CPU.ActiveCfg = Release|Any CPU
		{0BA4640B-DC67-4DB3-9FEA-76149243EB49}.Release|Any CPU.Build.0 = Release|Any CPU
		{8800B274-EFEF-4CFE-A2F7-BEF2CB920D1A}.Debug|Any CPU.ActiveCfg = Debug|Any CPU
		{8800B274-EFEF-4CFE-A2F7-BEF2CB920D1A}.Debug|Any CPU.Build.0 = Debug|Any CPU
		{8800B274-EFEF-4CFE-A2F7-BEF2CB920D1A}.Release|Any CPU.ActiveCfg = Release|Any CPU
		{8800B274-EFEF-4CFE-A2F7-BEF2CB920D1A}.Release|Any CPU.Build.0 = Release|Any CPU
		{BAA8EDF5-1436-4343-9883-12B286C664C1}.Debug|Any CPU.ActiveCfg = Debug|Any CPU
		{BAA8EDF5-1436-4343-9883-12B286C664C1}.Debug|Any CPU.Build.0 = Debug|Any CPU
		{BAA8EDF5-1436-4343-9883-12B286C664C1}.Release|Any CPU.ActiveCfg = Release|Any CPU
		{BAA8EDF5-1436-4343-9883-12B286C664C1}.Release|Any CPU.Build.0 = Release|Any CPU
		{A06AF12B-4542-4FE6-B96E-3D91848B03EB}.Debug|Any CPU.ActiveCfg = Debug|Any CPU
		{A06AF12B-4542-4FE6-B96E-3D91848B03EB}.Debug|Any CPU.Build.0 = Debug|Any CPU
		{A06AF12B-4542-4FE6-B96E-3D91848B03EB}.Release|Any CPU.ActiveCfg = Release|Any CPU
		{A06AF12B-4542-4FE6-B96E-3D91848B03EB}.Release|Any CPU.Build.0 = Release|Any CPU
	EndGlobalSection
	GlobalSection(SolutionProperties) = preSolution
		HideSolutionNode = FALSE
	EndGlobalSection
	GlobalSection(ExtensibilityGlobals) = postSolution
		SolutionGuid = {4CCA468F-C730-4AD0-8ADE-02B8CEA55AA2}
	EndGlobalSection
EndGlobal
